
Microsoft Visual Studio Solution File, Format Version 12.00
# Visual Studio Version 17
VisualStudioVersion = 17.0.31903.59
MinimumVisualStudioVersion = 10.0.40219.1
Project("{2150E333-8FDC-42A3-9474-1A3956D46DE8}") = "src", "src", "{827E0CD3-B72D-47B6-A68D-7590B98EB39B}"
EndProject
Project("{2150E333-8FDC-42A3-9474-1A3956D46DE8}") = "Shared", "Shared", "{C8E42992-5E42-0C2B-DBFE-AA848D06431C}"
EndProject
Project("{FAE04EC0-301F-11D3-BF4B-00C04F79EFBC}") = "Shared.Core", "src\Shared\Shared.Core\Shared.Core.csproj", "{6FB2CBD2-8595-49D5-B672-51AC7D212CE7}"
EndProject
Project("{FAE04EC0-301F-11D3-BF4B-00C04F79EFBC}") = "Shared.DataAccess", "src\Shared\Shared.DataAccess\Shared.DataAccess.csproj", "{5F152CE8-AC01-4C14-A315-31445951F465}"
EndProject
Project("{FAE04EC0-301F-11D3-BF4B-00C04F79EFBC}") = "Auth.Core", "src\Subsystems\Auth\Auth.Core\Auth.Core.csproj", "{C5F1F29D-4506-4DBF-ABDE-92D4BB0252DC}"
EndProject
Project("{FAE04EC0-301F-11D3-BF4B-00C04F79EFBC}") = "Auth.DataAccess", "src\Subsystems\Auth\Auth.DataAccess\Auth.DataAccess.csproj", "{8DBBFD2D-E2FF-4344-BF4B-8992F5DD7FCA}"
EndProject
Project("{FAE04EC0-301F-11D3-BF4B-00C04F79EFBC}") = "Auth.BLL", "src\Subsystems\Auth\Auth.BLL\Auth.BLL.csproj", "{CC3F6B3F-248E-4890-AC7D-FA02EBF21F01}"
EndProject
Project("{FAE04EC0-301F-11D3-BF4B-00C04F79EFBC}") = "Auth.API", "src\Subsystems\Auth\Auth.API\Auth.API.csproj", "{B11206CE-A386-4A84-B26F-BBA7BFA409BC}"
EndProject
Project("{FAE04EC0-301F-11D3-BF4B-00C04F79EFBC}") = "Chats.Core", "src\Subsystems\Chats\Chats.Core\Chats.Core.csproj", "{DB11BA03-0EF9-4000-BF70-7CCF17134AC0}"
EndProject
Project("{FAE04EC0-301F-11D3-BF4B-00C04F79EFBC}") = "Chats.DataAccess", "src\Subsystems\Chats\Chats.DataAccess\Chats.DataAccess.csproj", "{E3E0C1FD-7A2A-402B-B7B5-904AFF44D5F2}"
EndProject
Project("{FAE04EC0-301F-11D3-BF4B-00C04F79EFBC}") = "Chats.BLL", "src\Subsystems\Chats\Chats.BLL\Chats.BLL.csproj", "{B50BF793-074B-42C7-A127-5C1013471D07}"
EndProject
Project("{FAE04EC0-301F-11D3-BF4B-00C04F79EFBC}") = "Chats.API", "src\Subsystems\Chats\Chats.API\Chats.API.csproj", "{25C93ED0-19B5-4DBB-8C74-5A5DADF0E99D}"
EndProject
Project("{FAE04EC0-301F-11D3-BF4B-00C04F79EFBC}") = "Files.Core", "src\Subsystems\Files\Files.Core\Files.Core.csproj", "{7D3548E5-62E2-44F8-B0E3-9173798727DD}"
EndProject
Project("{FAE04EC0-301F-11D3-BF4B-00C04F79EFBC}") = "Files.DataAccess", "src\Subsystems\Files\Files.DataAccess\Files.DataAccess.csproj", "{53D672A0-0920-486D-B4BE-BBFF3152B936}"
EndProject
Project("{FAE04EC0-301F-11D3-BF4B-00C04F79EFBC}") = "Files.BLL", "src\Subsystems\Files\Files.BLL\Files.BLL.csproj", "{F59E3146-90EC-4B26-9516-3F15D04DC73D}"
EndProject
Project("{FAE04EC0-301F-11D3-BF4B-00C04F79EFBC}") = "Files.API", "src\Subsystems\Files\Files.API\Files.API.csproj", "{CBB3D846-9477-4F47-A97E-B9D2AC0A78A2}"
EndProject
Project("{FAE04EC0-301F-11D3-BF4B-00C04F79EFBC}") = "Services.Core", "src\Subsystems\Services\Services.Core\Services.Core.csproj", "{4BDF928E-B4E6-400C-9B1B-1577DDA82F10}"
EndProject
Project("{FAE04EC0-301F-11D3-BF4B-00C04F79EFBC}") = "Services.DataAccess", "src\Subsystems\Services\Services.DataAccess\Services.DataAccess.csproj", "{E598C032-B5F4-465A-80C4-3F55D98A2C50}"
EndProject
Project("{FAE04EC0-301F-11D3-BF4B-00C04F79EFBC}") = "Services.BLL", "src\Subsystems\Services\Services.BLL\Services.BLL.csproj", "{74C84BE5-E223-4159-A74A-FC376E75616B}"
EndProject
Project("{FAE04EC0-301F-11D3-BF4B-00C04F79EFBC}") = "Services.API", "src\Subsystems\Services\Services.API\Services.API.csproj", "{066E4D93-26B8-4561-8171-4A60E484D071}"
EndProject
Project("{FAE04EC0-301F-11D3-BF4B-00C04F79EFBC}") = "Admin.Core", "src\Subsystems\Admin\Admin.Core\Admin.Core.csproj", "{8C0347ED-419F-4F57-B052-A00B51899954}"
EndProject
Project("{FAE04EC0-301F-11D3-BF4B-00C04F79EFBC}") = "Admin.DataAccess", "src\Subsystems\Admin\Admin.DataAccess\Admin.DataAccess.csproj", "{61B9D047-CAA6-40B2-BC8B-3FD223D5E06C}"
EndProject
Project("{FAE04EC0-301F-11D3-BF4B-00C04F79EFBC}") = "Admin.BLL", "src\Subsystems\Admin\Admin.BLL\Admin.BLL.csproj", "{388F26E9-E084-4C35-BFA8-87D6E4355084}"
EndProject
Project("{FAE04EC0-301F-11D3-BF4B-00C04F79EFBC}") = "Admin.API", "src\Subsystems\Admin\Admin.API\Admin.API.csproj", "{07080AD7-EA6D-4A8B-8972-5246344C7C82}"
EndProject
Project("{FAE04EC0-301F-11D3-BF4B-00C04F79EFBC}") = "NotificationWorker", "src\NotificationWorker\NotificationWorker.csproj", "{13859933-FC6C-4FE7-B8DE-8CDE204BFD9C}"
EndProject
Project("{FAE04EC0-301F-11D3-BF4B-00C04F79EFBC}") = "ApiGateway", "src\ApiGateway\ApiGateway.csproj", "{0F031719-1C91-41B5-8D8B-0434C6B39B29}"
EndProject
Project("{2150E333-8FDC-42A3-9474-1A3956D46DE8}") = "tests", "tests", "{0AB3BF05-4346-4AA6-1389-037BE0695223}"
EndProject
Project("{FAE04EC0-301F-11D3-BF4B-00C04F79EFBC}") = "IntegrationTests", "tests\IntegrationTests\IntegrationTests.csproj", "{00D94B11-E08B-4311-B43F-B886483E48BA}"
EndProject
Global
	GlobalSection(SolutionConfigurationPlatforms) = preSolution
		Debug|Any CPU = Debug|Any CPU
		Debug|x64 = Debug|x64
		Debug|x86 = Debug|x86
		Release|Any CPU = Release|Any CPU
		Release|x64 = Release|x64
		Release|x86 = Release|x86
	EndGlobalSection
	GlobalSection(ProjectConfigurationPlatforms) = postSolution
		{6FB2CBD2-8595-49D5-B672-51AC7D212CE7}.Debug|Any CPU.ActiveCfg = Debug|Any CPU
		{6FB2CBD2-8595-49D5-B672-51AC7D212CE7}.Debug|Any CPU.Build.0 = Debug|Any CPU
		{6FB2CBD2-8595-49D5-B672-51AC7D212CE7}.Debug|x64.ActiveCfg = Debug|Any CPU
		{6FB2CBD2-8595-49D5-B672-51AC7D212CE7}.Debug|x64.Build.0 = Debug|Any CPU
		{6FB2CBD2-8595-49D5-B672-51AC7D212CE7}.Debug|x86.ActiveCfg = Debug|Any CPU
		{6FB2CBD2-8595-49D5-B672-51AC7D212CE7}.Debug|x86.Build.0 = Debug|Any CPU
		{6FB2CBD2-8595-49D5-B672-51AC7D212CE7}.Release|Any CPU.ActiveCfg = Release|Any CPU
		{6FB2CBD2-8595-49D5-B672-51AC7D212CE7}.Release|Any CPU.Build.0 = Release|Any CPU
		{6FB2CBD2-8595-49D5-B672-51AC7D212CE7}.Release|x64.ActiveCfg = Release|Any CPU
		{6FB2CBD2-8595-49D5-B672-51AC7D212CE7}.Release|x64.Build.0 = Release|Any CPU
		{6FB2CBD2-8595-49D5-B672-51AC7D212CE7}.Release|x86.ActiveCfg = Release|Any CPU
		{6FB2CBD2-8595-49D5-B672-51AC7D212CE7}.Release|x86.Build.0 = Release|Any CPU
		{5F152CE8-AC01-4C14-A315-31445951F465}.Debug|Any CPU.ActiveCfg = Debug|Any CPU
		{5F152CE8-AC01-4C14-A315-31445951F465}.Debug|Any CPU.Build.0 = Debug|Any CPU
		{5F152CE8-AC01-4C14-A315-31445951F465}.Debug|x64.ActiveCfg = Debug|Any CPU
		{5F152CE8-AC01-4C14-A315-31445951F465}.Debug|x64.Build.0 = Debug|Any CPU
		{5F152CE8-AC01-4C14-A315-31445951F465}.Debug|x86.ActiveCfg = Debug|Any CPU
		{5F152CE8-AC01-4C14-A315-31445951F465}.Debug|x86.Build.0 = Debug|Any CPU
		{5F152CE8-AC01-4C14-A315-31445951F465}.Release|Any CPU.ActiveCfg = Release|Any CPU
		{5F152CE8-AC01-4C14-A315-31445951F465}.Release|Any CPU.Build.0 = Release|Any CPU
		{5F152CE8-AC01-4C14-A315-31445951F465}.Release|x64.ActiveCfg = Release|Any CPU
		{5F152CE8-AC01-4C14-A315-31445951F465}.Release|x64.Build.0 = Release|Any CPU
		{5F152CE8-AC01-4C14-A315-31445951F465}.Release|x86.ActiveCfg = Release|Any CPU
		{5F152CE8-AC01-4C14-A315-31445951F465}.Release|x86.Build.0 = Release|Any CPU
		{C5F1F29D-4506-4DBF-ABDE-92D4BB0252DC}.Debug|Any CPU.ActiveCfg = Debug|Any CPU
		{C5F1F29D-4506-4DBF-ABDE-92D4BB0252DC}.Debug|Any CPU.Build.0 = Debug|Any CPU
		{C5F1F29D-4506-4DBF-ABDE-92D4BB0252DC}.Debug|x64.ActiveCfg = Debug|Any CPU
		{C5F1F29D-4506-4DBF-ABDE-92D4BB0252DC}.Debug|x64.Build.0 = Debug|Any CPU
		{C5F1F29D-4506-4DBF-ABDE-92D4BB0252DC}.Debug|x86.ActiveCfg = Debug|Any CPU
		{C5F1F29D-4506-4DBF-ABDE-92D4BB0252DC}.Debug|x86.Build.0 = Debug|Any CPU
		{C5F1F29D-4506-4DBF-ABDE-92D4BB0252DC}.Release|Any CPU.ActiveCfg = Release|Any CPU
		{C5F1F29D-4506-4DBF-ABDE-92D4BB0252DC}.Release|Any CPU.Build.0 = Release|Any CPU
		{C5F1F29D-4506-4DBF-ABDE-92D4BB0252DC}.Release|x64.ActiveCfg = Release|Any CPU
		{C5F1F29D-4506-4DBF-ABDE-92D4BB0252DC}.Release|x64.Build.0 = Release|Any CPU
		{C5F1F29D-4506-4DBF-ABDE-92D4BB0252DC}.Release|x86.ActiveCfg = Release|Any CPU
		{C5F1F29D-4506-4DBF-ABDE-92D4BB0252DC}.Release|x86.Build.0 = Release|Any CPU
		{8DBBFD2D-E2FF-4344-BF4B-8992F5DD7FCA}.Debug|Any CPU.ActiveCfg = Debug|Any CPU
		{8DBBFD2D-E2FF-4344-BF4B-8992F5DD7FCA}.Debug|Any CPU.Build.0 = Debug|Any CPU
		{8DBBFD2D-E2FF-4344-BF4B-8992F5DD7FCA}.Debug|x64.ActiveCfg = Debug|Any CPU
		{8DBBFD2D-E2FF-4344-BF4B-8992F5DD7FCA}.Debug|x64.Build.0 = Debug|Any CPU
		{8DBBFD2D-E2FF-4344-BF4B-8992F5DD7FCA}.Debug|x86.ActiveCfg = Debug|Any CPU
		{8DBBFD2D-E2FF-4344-BF4B-8992F5DD7FCA}.Debug|x86.Build.0 = Debug|Any CPU
		{8DBBFD2D-E2FF-4344-BF4B-8992F5DD7FCA}.Release|Any CPU.ActiveCfg = Release|Any CPU
		{8DBBFD2D-E2FF-4344-BF4B-8992F5DD7FCA}.Release|Any CPU.Build.0 = Release|Any CPU
		{8DBBFD2D-E2FF-4344-BF4B-8992F5DD7FCA}.Release|x64.ActiveCfg = Release|Any CPU
		{8DBBFD2D-E2FF-4344-BF4B-8992F5DD7FCA}.Release|x64.Build.0 = Release|Any CPU
		{8DBBFD2D-E2FF-4344-BF4B-8992F5DD7FCA}.Release|x86.ActiveCfg = Release|Any CPU
		{8DBBFD2D-E2FF-4344-BF4B-8992F5DD7FCA}.Release|x86.Build.0 = Release|Any CPU
		{CC3F6B3F-248E-4890-AC7D-FA02EBF21F01}.Debug|Any CPU.ActiveCfg = Debug|Any CPU
		{CC3F6B3F-248E-4890-AC7D-FA02EBF21F01}.Debug|Any CPU.Build.0 = Debug|Any CPU
		{CC3F6B3F-248E-4890-AC7D-FA02EBF21F01}.Debug|x64.ActiveCfg = Debug|Any CPU
		{CC3F6B3F-248E-4890-AC7D-FA02EBF21F01}.Debug|x64.Build.0 = Debug|Any CPU
		{CC3F6B3F-248E-4890-AC7D-FA02EBF21F01}.Debug|x86.ActiveCfg = Debug|Any CPU
		{CC3F6B3F-248E-4890-AC7D-FA02EBF21F01}.Debug|x86.Build.0 = Debug|Any CPU
		{CC3F6B3F-248E-4890-AC7D-FA02EBF21F01}.Release|Any CPU.ActiveCfg = Release|Any CPU
		{CC3F6B3F-248E-4890-AC7D-FA02EBF21F01}.Release|Any CPU.Build.0 = Release|Any CPU
		{CC3F6B3F-248E-4890-AC7D-FA02EBF21F01}.Release|x64.ActiveCfg = Release|Any CPU
		{CC3F6B3F-248E-4890-AC7D-FA02EBF21F01}.Release|x64.Build.0 = Release|Any CPU
		{CC3F6B3F-248E-4890-AC7D-FA02EBF21F01}.Release|x86.ActiveCfg = Release|Any CPU
		{CC3F6B3F-248E-4890-AC7D-FA02EBF21F01}.Release|x86.Build.0 = Release|Any CPU
		{B11206CE-A386-4A84-B26F-BBA7BFA409BC}.Debug|Any CPU.ActiveCfg = Debug|Any CPU
		{B11206CE-A386-4A84-B26F-BBA7BFA409BC}.Debug|Any CPU.Build.0 = Debug|Any CPU
		{B11206CE-A386-4A84-B26F-BBA7BFA409BC}.Debug|x64.ActiveCfg = Debug|Any CPU
		{B11206CE-A386-4A84-B26F-BBA7BFA409BC}.Debug|x64.Build.0 = Debug|Any CPU
		{B11206CE-A386-4A84-B26F-BBA7BFA409BC}.Debug|x86.ActiveCfg = Debug|Any CPU
		{B11206CE-A386-4A84-B26F-BBA7BFA409BC}.Debug|x86.Build.0 = Debug|Any CPU
		{B11206CE-A386-4A84-B26F-BBA7BFA409BC}.Release|Any CPU.ActiveCfg = Release|Any CPU
		{B11206CE-A386-4A84-B26F-BBA7BFA409BC}.Release|Any CPU.Build.0 = Release|Any CPU
		{B11206CE-A386-4A84-B26F-BBA7BFA409BC}.Release|x64.ActiveCfg = Release|Any CPU
		{B11206CE-A386-4A84-B26F-BBA7BFA409BC}.Release|x64.Build.0 = Release|Any CPU
		{B11206CE-A386-4A84-B26F-BBA7BFA409BC}.Release|x86.ActiveCfg = Release|Any CPU
		{B11206CE-A386-4A84-B26F-BBA7BFA409BC}.Release|x86.Build.0 = Release|Any CPU
		{DB11BA03-0EF9-4000-BF70-7CCF17134AC0}.Debug|Any CPU.ActiveCfg = Debug|Any CPU
		{DB11BA03-0EF9-4000-BF70-7CCF17134AC0}.Debug|Any CPU.Build.0 = Debug|Any CPU
		{DB11BA03-0EF9-4000-BF70-7CCF17134AC0}.Debug|x64.ActiveCfg = Debug|Any CPU
		{DB11BA03-0EF9-4000-BF70-7CCF17134AC0}.Debug|x64.Build.0 = Debug|Any CPU
		{DB11BA03-0EF9-4000-BF70-7CCF17134AC0}.Debug|x86.ActiveCfg = Debug|Any CPU
		{DB11BA03-0EF9-4000-BF70-7CCF17134AC0}.Debug|x86.Build.0 = Debug|Any CPU
		{DB11BA03-0EF9-4000-BF70-7CCF17134AC0}.Release|Any CPU.ActiveCfg = Release|Any CPU
		{DB11BA03-0EF9-4000-BF70-7CCF17134AC0}.Release|Any CPU.Build.0 = Release|Any CPU
		{DB11BA03-0EF9-4000-BF70-7CCF17134AC0}.Release|x64.ActiveCfg = Release|Any CPU
		{DB11BA03-0EF9-4000-BF70-7CCF17134AC0}.Release|x64.Build.0 = Release|Any CPU
		{DB11BA03-0EF9-4000-BF70-7CCF17134AC0}.Release|x86.ActiveCfg = Release|Any CPU
		{DB11BA03-0EF9-4000-BF70-7CCF17134AC0}.Release|x86.Build.0 = Release|Any CPU
		{E3E0C1FD-7A2A-402B-B7B5-904AFF44D5F2}.Debug|Any CPU.ActiveCfg = Debug|Any CPU
		{E3E0C1FD-7A2A-402B-B7B5-904AFF44D5F2}.Debug|Any CPU.Build.0 = Debug|Any CPU
		{E3E0C1FD-7A2A-402B-B7B5-904AFF44D5F2}.Debug|x64.ActiveCfg = Debug|Any CPU
		{E3E0C1FD-7A2A-402B-B7B5-904AFF44D5F2}.Debug|x64.Build.0 = Debug|Any CPU
		{E3E0C1FD-7A2A-402B-B7B5-904AFF44D5F2}.Debug|x86.ActiveCfg = Debug|Any CPU
		{E3E0C1FD-7A2A-402B-B7B5-904AFF44D5F2}.Debug|x86.Build.0 = Debug|Any CPU
		{E3E0C1FD-7A2A-402B-B7B5-904AFF44D5F2}.Release|Any CPU.ActiveCfg = Release|Any CPU
		{E3E0C1FD-7A2A-402B-B7B5-904AFF44D5F2}.Release|Any CPU.Build.0 = Release|Any CPU
		{E3E0C1FD-7A2A-402B-B7B5-904AFF44D5F2}.Release|x64.ActiveCfg = Release|Any CPU
		{E3E0C1FD-7A2A-402B-B7B5-904AFF44D5F2}.Release|x64.Build.0 = Release|Any CPU
		{E3E0C1FD-7A2A-402B-B7B5-904AFF44D5F2}.Release|x86.ActiveCfg = Release|Any CPU
		{E3E0C1FD-7A2A-402B-B7B5-904AFF44D5F2}.Release|x86.Build.0 = Release|Any CPU
		{B50BF793-074B-42C7-A127-5C1013471D07}.Debug|Any CPU.ActiveCfg = Debug|Any CPU
		{B50BF793-074B-42C7-A127-5C1013471D07}.Debug|Any CPU.Build.0 = Debug|Any CPU
		{B50BF793-074B-42C7-A127-5C1013471D07}.Debug|x64.ActiveCfg = Debug|Any CPU
		{B50BF793-074B-42C7-A127-5C1013471D07}.Debug|x64.Build.0 = Debug|Any CPU
		{B50BF793-074B-42C7-A127-5C1013471D07}.Debug|x86.ActiveCfg = Debug|Any CPU
		{B50BF793-074B-42C7-A127-5C1013471D07}.Debug|x86.Build.0 = Debug|Any CPU
		{B50BF793-074B-42C7-A127-5C1013471D07}.Release|Any CPU.ActiveCfg = Release|Any CPU
		{B50BF793-074B-42C7-A127-5C1013471D07}.Release|Any CPU.Build.0 = Release|Any CPU
		{B50BF793-074B-42C7-A127-5C1013471D07}.Release|x64.ActiveCfg = Release|Any CPU
		{B50BF793-074B-42C7-A127-5C1013471D07}.Release|x64.Build.0 = Release|Any CPU
		{B50BF793-074B-42C7-A127-5C1013471D07}.Release|x86.ActiveCfg = Release|Any CPU
		{B50BF793-074B-42C7-A127-5C1013471D07}.Release|x86.Build.0 = Release|Any CPU
		{25C93ED0-19B5-4DBB-8C74-5A5DADF0E99D}.Debug|Any CPU.ActiveCfg = Debug|Any CPU
		{25C93ED0-19B5-4DBB-8C74-5A5DADF0E99D}.Debug|Any CPU.Build.0 = Debug|Any CPU
		{25C93ED0-19B5-4DBB-8C74-5A5DADF0E99D}.Debug|x64.ActiveCfg = Debug|Any CPU
		{25C93ED0-19B5-4DBB-8C74-5A5DADF0E99D}.Debug|x64.Build.0 = Debug|Any CPU
		{25C93ED0-19B5-4DBB-8C74-5A5DADF0E99D}.Debug|x86.ActiveCfg = Debug|Any CPU
		{25C93ED0-19B5-4DBB-8C74-5A5DADF0E99D}.Debug|x86.Build.0 = Debug|Any CPU
		{25C93ED0-19B5-4DBB-8C74-5A5DADF0E99D}.Release|Any CPU.ActiveCfg = Release|Any CPU
		{25C93ED0-19B5-4DBB-8C74-5A5DADF0E99D}.Release|Any CPU.Build.0 = Release|Any CPU
		{25C93ED0-19B5-4DBB-8C74-5A5DADF0E99D}.Release|x64.ActiveCfg = Release|Any CPU
		{25C93ED0-19B5-4DBB-8C74-5A5DADF0E99D}.Release|x64.Build.0 = Release|Any CPU
		{25C93ED0-19B5-4DBB-8C74-5A5DADF0E99D}.Release|x86.ActiveCfg = Release|Any CPU
		{25C93ED0-19B5-4DBB-8C74-5A5DADF0E99D}.Release|x86.Build.0 = Release|Any CPU
		{7D3548E5-62E2-44F8-B0E3-9173798727DD}.Debug|Any CPU.ActiveCfg = Debug|Any CPU
		{7D3548E5-62E2-44F8-B0E3-9173798727DD}.Debug|Any CPU.Build.0 = Debug|Any CPU
		{7D3548E5-62E2-44F8-B0E3-9173798727DD}.Debug|x64.ActiveCfg = Debug|Any CPU
		{7D3548E5-62E2-44F8-B0E3-9173798727DD}.Debug|x64.Build.0 = Debug|Any CPU
		{7D3548E5-62E2-44F8-B0E3-9173798727DD}.Debug|x86.ActiveCfg = Debug|Any CPU
		{7D3548E5-62E2-44F8-B0E3-9173798727DD}.Debug|x86.Build.0 = Debug|Any CPU
		{7D3548E5-62E2-44F8-B0E3-9173798727DD}.Release|Any CPU.ActiveCfg = Release|Any CPU
		{7D3548E5-62E2-44F8-B0E3-9173798727DD}.Release|Any CPU.Build.0 = Release|Any CPU
		{7D3548E5-62E2-44F8-B0E3-9173798727DD}.Release|x64.ActiveCfg = Release|Any CPU
		{7D3548E5-62E2-44F8-B0E3-9173798727DD}.Release|x64.Build.0 = Release|Any CPU
		{7D3548E5-62E2-44F8-B0E3-9173798727DD}.Release|x86.ActiveCfg = Release|Any CPU
		{7D3548E5-62E2-44F8-B0E3-9173798727DD}.Release|x86.Build.0 = Release|Any CPU
		{53D672A0-0920-486D-B4BE-BBFF3152B936}.Debug|Any CPU.ActiveCfg = Debug|Any CPU
		{53D672A0-0920-486D-B4BE-BBFF3152B936}.Debug|Any CPU.Build.0 = Debug|Any CPU
		{53D672A0-0920-486D-B4BE-BBFF3152B936}.Debug|x64.ActiveCfg = Debug|Any CPU
		{53D672A0-0920-486D-B4BE-BBFF3152B936}.Debug|x64.Build.0 = Debug|Any CPU
		{53D672A0-0920-486D-B4BE-BBFF3152B936}.Debug|x86.ActiveCfg = Debug|Any CPU
		{53D672A0-0920-486D-B4BE-BBFF3152B936}.Debug|x86.Build.0 = Debug|Any CPU
		{53D672A0-0920-486D-B4BE-BBFF3152B936}.Release|Any CPU.ActiveCfg = Release|Any CPU
		{53D672A0-0920-486D-B4BE-BBFF3152B936}.Release|Any CPU.Build.0 = Release|Any CPU
		{53D672A0-0920-486D-B4BE-BBFF3152B936}.Release|x64.ActiveCfg = Release|Any CPU
		{53D672A0-0920-486D-B4BE-BBFF3152B936}.Release|x64.Build.0 = Release|Any CPU
		{53D672A0-0920-486D-B4BE-BBFF3152B936}.Release|x86.ActiveCfg = Release|Any CPU
		{53D672A0-0920-486D-B4BE-BBFF3152B936}.Release|x86.Build.0 = Release|Any CPU
		{F59E3146-90EC-4B26-9516-3F15D04DC73D}.Debug|Any CPU.ActiveCfg = Debug|Any CPU
		{F59E3146-90EC-4B26-9516-3F15D04DC73D}.Debug|Any CPU.Build.0 = Debug|Any CPU
		{F59E3146-90EC-4B26-9516-3F15D04DC73D}.Debug|x64.ActiveCfg = Debug|Any CPU
		{F59E3146-90EC-4B26-9516-3F15D04DC73D}.Debug|x64.Build.0 = Debug|Any CPU
		{F59E3146-90EC-4B26-9516-3F15D04DC73D}.Debug|x86.ActiveCfg = Debug|Any CPU
		{F59E3146-90EC-4B26-9516-3F15D04DC73D}.Debug|x86.Build.0 = Debug|Any CPU
		{F59E3146-90EC-4B26-9516-3F15D04DC73D}.Release|Any CPU.ActiveCfg = Release|Any CPU
		{F59E3146-90EC-4B26-9516-3F15D04DC73D}.Release|Any CPU.Build.0 = Release|Any CPU
		{F59E3146-90EC-4B26-9516-3F15D04DC73D}.Release|x64.ActiveCfg = Release|Any CPU
		{F59E3146-90EC-4B26-9516-3F15D04DC73D}.Release|x64.Build.0 = Release|Any CPU
		{F59E3146-90EC-4B26-9516-3F15D04DC73D}.Release|x86.ActiveCfg = Release|Any CPU
		{F59E3146-90EC-4B26-9516-3F15D04DC73D}.Release|x86.Build.0 = Release|Any CPU
		{CBB3D846-9477-4F47-A97E-B9D2AC0A78A2}.Debug|Any CPU.ActiveCfg = Debug|Any CPU
		{CBB3D846-9477-4F47-A97E-B9D2AC0A78A2}.Debug|Any CPU.Build.0 = Debug|Any CPU
		{CBB3D846-9477-4F47-A97E-B9D2AC0A78A2}.Debug|x64.ActiveCfg = Debug|Any CPU
		{CBB3D846-9477-4F47-A97E-B9D2AC0A78A2}.Debug|x64.Build.0 = Debug|Any CPU
		{CBB3D846-9477-4F47-A97E-B9D2AC0A78A2}.Debug|x86.ActiveCfg = Debug|Any CPU
		{CBB3D846-9477-4F47-A97E-B9D2AC0A78A2}.Debug|x86.Build.0 = Debug|Any CPU
		{CBB3D846-9477-4F47-A97E-B9D2AC0A78A2}.Release|Any CPU.ActiveCfg = Release|Any CPU
		{CBB3D846-9477-4F47-A97E-B9D2AC0A78A2}.Release|Any CPU.Build.0 = Release|Any CPU
		{CBB3D846-9477-4F47-A97E-B9D2AC0A78A2}.Release|x64.ActiveCfg = Release|Any CPU
		{CBB3D846-9477-4F47-A97E-B9D2AC0A78A2}.Release|x64.Build.0 = Release|Any CPU
		{CBB3D846-9477-4F47-A97E-B9D2AC0A78A2}.Release|x86.ActiveCfg = Release|Any CPU
		{CBB3D846-9477-4F47-A97E-B9D2AC0A78A2}.Release|x86.Build.0 = Release|Any CPU
		{4BDF928E-B4E6-400C-9B1B-1577DDA82F10}.Debug|Any CPU.ActiveCfg = Debug|Any CPU
		{4BDF928E-B4E6-400C-9B1B-1577DDA82F10}.Debug|Any CPU.Build.0 = Debug|Any CPU
		{4BDF928E-B4E6-400C-9B1B-1577DDA82F10}.Debug|x64.ActiveCfg = Debug|Any CPU
		{4BDF928E-B4E6-400C-9B1B-1577DDA82F10}.Debug|x64.Build.0 = Debug|Any CPU
		{4BDF928E-B4E6-400C-9B1B-1577DDA82F10}.Debug|x86.ActiveCfg = Debug|Any CPU
		{4BDF928E-B4E6-400C-9B1B-1577DDA82F10}.Debug|x86.Build.0 = Debug|Any CPU
		{4BDF928E-B4E6-400C-9B1B-1577DDA82F10}.Release|Any CPU.ActiveCfg = Release|Any CPU
		{4BDF928E-B4E6-400C-9B1B-1577DDA82F10}.Release|Any CPU.Build.0 = Release|Any CPU
		{4BDF928E-B4E6-400C-9B1B-1577DDA82F10}.Release|x64.ActiveCfg = Release|Any CPU
		{4BDF928E-B4E6-400C-9B1B-1577DDA82F10}.Release|x64.Build.0 = Release|Any CPU
		{4BDF928E-B4E6-400C-9B1B-1577DDA82F10}.Release|x86.ActiveCfg = Release|Any CPU
		{4BDF928E-B4E6-400C-9B1B-1577DDA82F10}.Release|x86.Build.0 = Release|Any CPU
		{E598C032-B5F4-465A-80C4-3F55D98A2C50}.Debug|Any CPU.ActiveCfg = Debug|Any CPU
		{E598C032-B5F4-465A-80C4-3F55D98A2C50}.Debug|Any CPU.Build.0 = Debug|Any CPU
		{E598C032-B5F4-465A-80C4-3F55D98A2C50}.Debug|x64.ActiveCfg = Debug|Any CPU
		{E598C032-B5F4-465A-80C4-3F55D98A2C50}.Debug|x64.Build.0 = Debug|Any CPU
		{E598C032-B5F4-465A-80C4-3F55D98A2C50}.Debug|x86.ActiveCfg = Debug|Any CPU
		{E598C032-B5F4-465A-80C4-3F55D98A2C50}.Debug|x86.Build.0 = Debug|Any CPU
		{E598C032-B5F4-465A-80C4-3F55D98A2C50}.Release|Any CPU.ActiveCfg = Release|Any CPU
		{E598C032-B5F4-465A-80C4-3F55D98A2C50}.Release|Any CPU.Build.0 = Release|Any CPU
		{E598C032-B5F4-465A-80C4-3F55D98A2C50}.Release|x64.ActiveCfg = Release|Any CPU
		{E598C032-B5F4-465A-80C4-3F55D98A2C50}.Release|x64.Build.0 = Release|Any CPU
		{E598C032-B5F4-465A-80C4-3F55D98A2C50}.Release|x86.ActiveCfg = Release|Any CPU
		{E598C032-B5F4-465A-80C4-3F55D98A2C50}.Release|x86.Build.0 = Release|Any CPU
		{74C84BE5-E223-4159-A74A-FC376E75616B}.Debug|Any CPU.ActiveCfg = Debug|Any CPU
		{74C84BE5-E223-4159-A74A-FC376E75616B}.Debug|Any CPU.Build.0 = Debug|Any CPU
		{74C84BE5-E223-4159-A74A-FC376E75616B}.Debug|x64.ActiveCfg = Debug|Any CPU
		{74C84BE5-E223-4159-A74A-FC376E75616B}.Debug|x64.Build.0 = Debug|Any CPU
		{74C84BE5-E223-4159-A74A-FC376E75616B}.Debug|x86.ActiveCfg = Debug|Any CPU
		{74C84BE5-E223-4159-A74A-FC376E75616B}.Debug|x86.Build.0 = Debug|Any CPU
		{74C84BE5-E223-4159-A74A-FC376E75616B}.Release|Any CPU.ActiveCfg = Release|Any CPU
		{74C84BE5-E223-4159-A74A-FC376E75616B}.Release|Any CPU.Build.0 = Release|Any CPU
		{74C84BE5-E223-4159-A74A-FC376E75616B}.Release|x64.ActiveCfg = Release|Any CPU
		{74C84BE5-E223-4159-A74A-FC376E75616B}.Release|x64.Build.0 = Release|Any CPU
		{74C84BE5-E223-4159-A74A-FC376E75616B}.Release|x86.ActiveCfg = Release|Any CPU
		{74C84BE5-E223-4159-A74A-FC376E75616B}.Release|x86.Build.0 = Release|Any CPU
		{066E4D93-26B8-4561-8171-4A60E484D071}.Debug|Any CPU.ActiveCfg = Debug|Any CPU
		{066E4D93-26B8-4561-8171-4A60E484D071}.Debug|Any CPU.Build.0 = Debug|Any CPU
		{066E4D93-26B8-4561-8171-4A60E484D071}.Debug|x64.ActiveCfg = Debug|Any CPU
		{066E4D93-26B8-4561-8171-4A60E484D071}.Debug|x64.Build.0 = Debug|Any CPU
		{066E4D93-26B8-4561-8171-4A60E484D071}.Debug|x86.ActiveCfg = Debug|Any CPU
		{066E4D93-26B8-4561-8171-4A60E484D071}.Debug|x86.Build.0 = Debug|Any CPU
		{066E4D93-26B8-4561-8171-4A60E484D071}.Release|Any CPU.ActiveCfg = Release|Any CPU
		{066E4D93-26B8-4561-8171-4A60E484D071}.Release|Any CPU.Build.0 = Release|Any CPU
		{066E4D93-26B8-4561-8171-4A60E484D071}.Release|x64.ActiveCfg = Release|Any CPU
		{066E4D93-26B8-4561-8171-4A60E484D071}.Release|x64.Build.0 = Release|Any CPU
		{066E4D93-26B8-4561-8171-4A60E484D071}.Release|x86.ActiveCfg = Release|Any CPU
		{066E4D93-26B8-4561-8171-4A60E484D071}.Release|x86.Build.0 = Release|Any CPU
		{8C0347ED-419F-4F57-B052-A00B51899954}.Debug|Any CPU.ActiveCfg = Debug|Any CPU
		{8C0347ED-419F-4F57-B052-A00B51899954}.Debug|Any CPU.Build.0 = Debug|Any CPU
		{8C0347ED-419F-4F57-B052-A00B51899954}.Debug|x64.ActiveCfg = Debug|Any CPU
		{8C0347ED-419F-4F57-B052-A00B51899954}.Debug|x64.Build.0 = Debug|Any CPU
		{8C0347ED-419F-4F57-B052-A00B51899954}.Debug|x86.ActiveCfg = Debug|Any CPU
		{8C0347ED-419F-4F57-B052-A00B51899954}.Debug|x86.Build.0 = Debug|Any CPU
		{8C0347ED-419F-4F57-B052-A00B51899954}.Release|Any CPU.ActiveCfg = Release|Any CPU
		{8C0347ED-419F-4F57-B052-A00B51899954}.Release|Any CPU.Build.0 = Release|Any CPU
		{8C0347ED-419F-4F57-B052-A00B51899954}.Release|x64.ActiveCfg = Release|Any CPU
		{8C0347ED-419F-4F57-B052-A00B51899954}.Release|x64.Build.0 = Release|Any CPU
		{8C0347ED-419F-4F57-B052-A00B51899954}.Release|x86.ActiveCfg = Release|Any CPU
		{8C0347ED-419F-4F57-B052-A00B51899954}.Release|x86.Build.0 = Release|Any CPU
		{61B9D047-CAA6-40B2-BC8B-3FD223D5E06C}.Debug|Any CPU.ActiveCfg = Debug|Any CPU
		{61B9D047-CAA6-40B2-BC8B-3FD223D5E06C}.Debug|Any CPU.Build.0 = Debug|Any CPU
		{61B9D047-CAA6-40B2-BC8B-3FD223D5E06C}.Debug|x64.ActiveCfg = Debug|Any CPU
		{61B9D047-CAA6-40B2-BC8B-3FD223D5E06C}.Debug|x64.Build.0 = Debug|Any CPU
		{61B9D047-CAA6-40B2-BC8B-3FD223D5E06C}.Debug|x86.ActiveCfg = Debug|Any CPU
		{61B9D047-CAA6-40B2-BC8B-3FD223D5E06C}.Debug|x86.Build.0 = Debug|Any CPU
		{61B9D047-CAA6-40B2-BC8B-3FD223D5E06C}.Release|Any CPU.ActiveCfg = Release|Any CPU
		{61B9D047-CAA6-40B2-BC8B-3FD223D5E06C}.Release|Any CPU.Build.0 = Release|Any CPU
		{61B9D047-CAA6-40B2-BC8B-3FD223D5E06C}.Release|x64.ActiveCfg = Release|Any CPU
		{61B9D047-CAA6-40B2-BC8B-3FD223D5E06C}.Release|x64.Build.0 = Release|Any CPU
		{61B9D047-CAA6-40B2-BC8B-3FD223D5E06C}.Release|x86.ActiveCfg = Release|Any CPU
		{61B9D047-CAA6-40B2-BC8B-3FD223D5E06C}.Release|x86.Build.0 = Release|Any CPU
		{388F26E9-E084-4C35-BFA8-87D6E4355084}.Debug|Any CPU.ActiveCfg = Debug|Any CPU
		{388F26E9-E084-4C35-BFA8-87D6E4355084}.Debug|Any CPU.Build.0 = Debug|Any CPU
		{388F26E9-E084-4C35-BFA8-87D6E4355084}.Debug|x64.ActiveCfg = Debug|Any CPU
		{388F26E9-E084-4C35-BFA8-87D6E4355084}.Debug|x64.Build.0 = Debug|Any CPU
		{388F26E9-E084-4C35-BFA8-87D6E4355084}.Debug|x86.ActiveCfg = Debug|Any CPU
		{388F26E9-E084-4C35-BFA8-87D6E4355084}.Debug|x86.Build.0 = Debug|Any CPU
		{388F26E9-E084-4C35-BFA8-87D6E4355084}.Release|Any CPU.ActiveCfg = Release|Any CPU
		{388F26E9-E084-4C35-BFA8-87D6E4355084}.Release|Any CPU.Build.0 = Release|Any CPU
		{388F26E9-E084-4C35-BFA8-87D6E4355084}.Release|x64.ActiveCfg = Release|Any CPU
		{388F26E9-E084-4C35-BFA8-87D6E4355084}.Release|x64.Build.0 = Release|Any CPU
		{388F26E9-E084-4C35-BFA8-87D6E4355084}.Release|x86.ActiveCfg = Release|Any CPU
		{388F26E9-E084-4C35-BFA8-87D6E4355084}.Release|x86.Build.0 = Release|Any CPU
		{07080AD7-EA6D-4A8B-8972-5246344C7C82}.Debug|Any CPU.ActiveCfg = Debug|Any CPU
		{07080AD7-EA6D-4A8B-8972-5246344C7C82}.Debug|Any CPU.Build.0 = Debug|Any CPU
		{07080AD7-EA6D-4A8B-8972-5246344C7C82}.Debug|x64.ActiveCfg = Debug|Any CPU
		{07080AD7-EA6D-4A8B-8972-5246344C7C82}.Debug|x64.Build.0 = Debug|Any CPU
		{07080AD7-EA6D-4A8B-8972-5246344C7C82}.Debug|x86.ActiveCfg = Debug|Any CPU
		{07080AD7-EA6D-4A8B-8972-5246344C7C82}.Debug|x86.Build.0 = Debug|Any CPU
		{07080AD7-EA6D-4A8B-8972-5246344C7C82}.Release|Any CPU.ActiveCfg = Release|Any CPU
		{07080AD7-EA6D-4A8B-8972-5246344C7C82}.Release|Any CPU.Build.0 = Release|Any CPU
		{07080AD7-EA6D-4A8B-8972-5246344C7C82}.Release|x64.ActiveCfg = Release|Any CPU
		{07080AD7-EA6D-4A8B-8972-5246344C7C82}.Release|x64.Build.0 = Release|Any CPU
		{07080AD7-EA6D-4A8B-8972-5246344C7C82}.Release|x86.ActiveCfg = Release|Any CPU
		{07080AD7-EA6D-4A8B-8972-5246344C7C82}.Release|x86.Build.0 = Release|Any CPU
		{13859933-FC6C-4FE7-B8DE-8CDE204BFD9C}.Debug|Any CPU.ActiveCfg = Debug|Any CPU
		{13859933-FC6C-4FE7-B8DE-8CDE204BFD9C}.Debug|Any CPU.Build.0 = Debug|Any CPU
		{13859933-FC6C-4FE7-B8DE-8CDE204BFD9C}.Debug|x64.ActiveCfg = Debug|Any CPU
		{13859933-FC6C-4FE7-B8DE-8CDE204BFD9C}.Debug|x64.Build.0 = Debug|Any CPU
		{13859933-FC6C-4FE7-B8DE-8CDE204BFD9C}.Debug|x86.ActiveCfg = Debug|Any CPU
		{13859933-FC6C-4FE7-B8DE-8CDE204BFD9C}.Debug|x86.Build.0 = Debug|Any CPU
		{13859933-FC6C-4FE7-B8DE-8CDE204BFD9C}.Release|Any CPU.ActiveCfg = Release|Any CPU
		{13859933-FC6C-4FE7-B8DE-8CDE204BFD9C}.Release|Any CPU.Build.0 = Release|Any CPU
		{13859933-FC6C-4FE7-B8DE-8CDE204BFD9C}.Release|x64.ActiveCfg = Release|Any CPU
		{13859933-FC6C-4FE7-B8DE-8CDE204BFD9C}.Release|x64.Build.0 = Release|Any CPU
		{13859933-FC6C-4FE7-B8DE-8CDE204BFD9C}.Release|x86.ActiveCfg = Release|Any CPU
		{13859933-FC6C-4FE7-B8DE-8CDE204BFD9C}.Release|x86.Build.0 = Release|Any CPU
		{0F031719-1C91-41B5-8D8B-0434C6B39B29}.Debug|Any CPU.ActiveCfg = Debug|Any CPU
		{0F031719-1C91-41B5-8D8B-0434C6B39B29}.Debug|Any CPU.Build.0 = Debug|Any CPU
		{0F031719-1C91-41B5-8D8B-0434C6B39B29}.Debug|x64.ActiveCfg = Debug|Any CPU
		{0F031719-1C91-41B5-8D8B-0434C6B39B29}.Debug|x64.Build.0 = Debug|Any CPU
		{0F031719-1C91-41B5-8D8B-0434C6B39B29}.Debug|x86.ActiveCfg = Debug|Any CPU
		{0F031719-1C91-41B5-8D8B-0434C6B39B29}.Debug|x86.Build.0 = Debug|Any CPU
		{0F031719-1C91-41B5-8D8B-0434C6B39B29}.Release|Any CPU.ActiveCfg = Release|Any CPU
		{0F031719-1C91-41B5-8D8B-0434C6B39B29}.Release|Any CPU.Build.0 = Release|Any CPU
		{0F031719-1C91-41B5-8D8B-0434C6B39B29}.Release|x64.ActiveCfg = Release|Any CPU
		{0F031719-1C91-41B5-8D8B-0434C6B39B29}.Release|x64.Build.0 = Release|Any CPU
		{0F031719-1C91-41B5-8D8B-0434C6B39B29}.Release|x86.ActiveCfg = Release|Any CPU
		{0F031719-1C91-41B5-8D8B-0434C6B39B29}.Release|x86.Build.0 = Release|Any CPU
		{00D94B11-E08B-4311-B43F-B886483E48BA}.Debug|Any CPU.ActiveCfg = Debug|Any CPU
		{00D94B11-E08B-4311-B43F-B886483E48BA}.Debug|Any CPU.Build.0 = Debug|Any CPU
		{00D94B11-E08B-4311-B43F-B886483E48BA}.Debug|x64.ActiveCfg = Debug|Any CPU
		{00D94B11-E08B-4311-B43F-B886483E48BA}.Debug|x64.Build.0 = Debug|Any CPU
		{00D94B11-E08B-4311-B43F-B886483E48BA}.Debug|x86.ActiveCfg = Debug|Any CPU
		{00D94B11-E08B-4311-B43F-B886483E48BA}.Debug|x86.Build.0 = Debug|Any CPU
		{00D94B11-E08B-4311-B43F-B886483E48BA}.Release|Any CPU.ActiveCfg = Release|Any CPU
		{00D94B11-E08B-4311-B43F-B886483E48BA}.Release|Any CPU.Build.0 = Release|Any CPU
		{00D94B11-E08B-4311-B43F-B886483E48BA}.Release|x64.ActiveCfg = Release|Any CPU
		{00D94B11-E08B-4311-B43F-B886483E48BA}.Release|x64.Build.0 = Release|Any CPU
		{00D94B11-E08B-4311-B43F-B886483E48BA}.Release|x86.ActiveCfg = Release|Any CPU
		{00D94B11-E08B-4311-B43F-B886483E48BA}.Release|x86.Build.0 = Release|Any CPU
	EndGlobalSection
	GlobalSection(SolutionProperties) = preSolution
		HideSolutionNode = FALSE
	EndGlobalSection
	GlobalSection(NestedProjects) = preSolution
		{C8E42992-5E42-0C2B-DBFE-AA848D06431C} = {827E0CD3-B72D-47B6-A68D-7590B98EB39B}
		{6FB2CBD2-8595-49D5-B672-51AC7D212CE7} = {C8E42992-5E42-0C2B-DBFE-AA848D06431C}
		{5F152CE8-AC01-4C14-A315-31445951F465} = {C8E42992-5E42-0C2B-DBFE-AA848D06431C}
		{C5F1F29D-4506-4DBF-ABDE-92D4BB0252DC} = {C8E42992-5E42-0C2B-DBFE-AA848D06431C}
		{8DBBFD2D-E2FF-4344-BF4B-8992F5DD7FCA} = {C8E42992-5E42-0C2B-DBFE-AA848D06431C}
		{CC3F6B3F-248E-4890-AC7D-FA02EBF21F01} = {C8E42992-5E42-0C2B-DBFE-AA848D06431C}
		{B11206CE-A386-4A84-B26F-BBA7BFA409BC} = {C8E42992-5E42-0C2B-DBFE-AA848D06431C}
		{DB11BA03-0EF9-4000-BF70-7CCF17134AC0} = {C8E42992-5E42-0C2B-DBFE-AA848D06431C}
		{E3E0C1FD-7A2A-402B-B7B5-904AFF44D5F2} = {C8E42992-5E42-0C2B-DBFE-AA848D06431C}
		{B50BF793-074B-42C7-A127-5C1013471D07} = {C8E42992-5E42-0C2B-DBFE-AA848D06431C}
		{25C93ED0-19B5-4DBB-8C74-5A5DADF0E99D} = {C8E42992-5E42-0C2B-DBFE-AA848D06431C}
		{7D3548E5-62E2-44F8-B0E3-9173798727DD} = {C8E42992-5E42-0C2B-DBFE-AA848D06431C}
		{53D672A0-0920-486D-B4BE-BBFF3152B936} = {C8E42992-5E42-0C2B-DBFE-AA848D06431C}
		{F59E3146-90EC-4B26-9516-3F15D04DC73D} = {C8E42992-5E42-0C2B-DBFE-AA848D06431C}
		{CBB3D846-9477-4F47-A97E-B9D2AC0A78A2} = {C8E42992-5E42-0C2B-DBFE-AA848D06431C}
		{4BDF928E-B4E6-400C-9B1B-1577DDA82F10} = {C8E42992-5E42-0C2B-DBFE-AA848D06431C}
		{E598C032-B5F4-465A-80C4-3F55D98A2C50} = {C8E42992-5E42-0C2B-DBFE-AA848D06431C}
		{74C84BE5-E223-4159-A74A-FC376E75616B} = {C8E42992-5E42-0C2B-DBFE-AA848D06431C}
		{066E4D93-26B8-4561-8171-4A60E484D071} = {C8E42992-5E42-0C2B-DBFE-AA848D06431C}
		{8C0347ED-419F-4F57-B052-A00B51899954} = {C8E42992-5E42-0C2B-DBFE-AA848D06431C}
		{61B9D047-CAA6-40B2-BC8B-3FD223D5E06C} = {C8E42992-5E42-0C2B-DBFE-AA848D06431C}
		{388F26E9-E084-4C35-BFA8-87D6E4355084} = {C8E42992-5E42-0C2B-DBFE-AA848D06431C}
		{07080AD7-EA6D-4A8B-8972-5246344C7C82} = {C8E42992-5E42-0C2B-DBFE-AA848D06431C}
		{13859933-FC6C-4FE7-B8DE-8CDE204BFD9C} = {C8E42992-5E42-0C2B-DBFE-AA848D06431C}
		{0F031719-1C91-41B5-8D8B-0434C6B39B29} = {C8E42992-5E42-0C2B-DBFE-AA848D06431C}
		{00D94B11-E08B-4311-B43F-B886483E48BA} = {0AB3BF05-4346-4AA6-1389-037BE0695223}
	EndGlobalSection
EndGlobal
